// !$*UTF8*$!
{
	archiveVersion = 1;
	classes = {
	};
	objectVersion = 77;
	objects = {

/* Begin PBXBuildFile section */
		1C38E4122D9B6F960038A4A7 /* ContentViewModel.swift in Sources */ = {isa = PBXBuildFile; fileRef = 1C38E4112D9B6F960038A4A7 /* ContentViewModel.swift */; };
		1C4F93612D9CB34000187B5D /* Registration.swift in Sources */ = {isa = PBXBuildFile; fileRef = 1C4F93602D9CB34000187B5D /* Registration.swift */; };
		1C4F93632D9CB3FA00187B5D /* RegistrationViewModel.swift in Sources */ = {isa = PBXBuildFile; fileRef = 1C4F93622D9CB3F000187B5D /* RegistrationViewModel.swift */; };
		1C4F93652D9CC17600187B5D /* RegistrationView.swift in Sources */ = {isa = PBXBuildFile; fileRef = 1C4F93642D9CC17600187B5D /* RegistrationView.swift */; };
		1C91DF532D99EEF800DBAACB /* ContentView.swift in Sources */ = {isa = PBXBuildFile; fileRef = 1C91DF4F2D99EEF800DBAACB /* ContentView.swift */; };
		1C91DF542D99EEF800DBAACB /* StatusApp.swift in Sources */ = {isa = PBXBuildFile; fileRef = 1C91DF512D99EEF800DBAACB /* StatusApp.swift */; };
		1C91DF552D99EEF800DBAACB /* Preview Assets.xcassets in Resources */ = {isa = PBXBuildFile; fileRef = 1C91DF4C2D99EEF800DBAACB /* Preview Assets.xcassets */; };
		1C91DF562D99EEF800DBAACB /* Assets.xcassets in Resources */ = {isa = PBXBuildFile; fileRef = 1C91DF4E2D99EEF800DBAACB /* Assets.xcassets */; };
		1C91DF5A2D99EF2800DBAACB /* KeychainSwift in Frameworks */ = {isa = PBXBuildFile; productRef = 1C91DF592D99EF2800DBAACB /* KeychainSwift */; };
		1C91DF5C2D99EF4800DBAACB /* KeychainStorage.swift in Sources */ = {isa = PBXBuildFile; fileRef = 1C91DF5B2D99EF4800DBAACB /* KeychainStorage.swift */; };
		1C91DF612D99EFD700DBAACB /* Credentials.swift in Sources */ = {isa = PBXBuildFile; fileRef = 1C91DF602D99EFD700DBAACB /* Credentials.swift */; };
		1C91DF632D99F3C600DBAACB /* AuthToken.swift in Sources */ = {isa = PBXBuildFile; fileRef = 1C91DF622D99F3C600DBAACB /* AuthToken.swift */; };
		1C91DF662D99F93600DBAACB /* Authentication.swift in Sources */ = {isa = PBXBuildFile; fileRef = 1C91DF652D99F93600DBAACB /* Authentication.swift */; };
		1C91DF682D9A18D600DBAACB /* LoginView.swift in Sources */ = {isa = PBXBuildFile; fileRef = 1C91DF672D9A18D600DBAACB /* LoginView.swift */; };
		1C91DF6A2D9A192300DBAACB /* LoginViewModel.swift in Sources */ = {isa = PBXBuildFile; fileRef = 1C91DF692D9A192300DBAACB /* LoginViewModel.swift */; };
		1C91DF6C2D9A1C9E00DBAACB /* SignInResponse.swift in Sources */ = {isa = PBXBuildFile; fileRef = 1C91DF6B2D9A1C9E00DBAACB /* SignInResponse.swift */; };
		1C91DF6F2D9A373300DBAACB /* RoundedTextFieldStyle.swift in Sources */ = {isa = PBXBuildFile; fileRef = 1C91DF6E2D9A373300DBAACB /* RoundedTextFieldStyle.swift */; };
		1C91DF712D9A388B00DBAACB /* UIApplication+Extension.swift in Sources */ = {isa = PBXBuildFile; fileRef = 1C91DF702D9A388B00DBAACB /* UIApplication+Extension.swift */; };
/* End PBXBuildFile section */

/* Begin PBXContainerItemProxy section */
		1C91DF302D99ED2200DBAACB /* PBXContainerItemProxy */ = {
			isa = PBXContainerItemProxy;
			containerPortal = 1C91DF162D99ED2000DBAACB /* Project object */;
			proxyType = 1;
			remoteGlobalIDString = 1C91DF1D2D99ED2000DBAACB;
			remoteInfo = Status;
		};
		1C91DF3A2D99ED2200DBAACB /* PBXContainerItemProxy */ = {
			isa = PBXContainerItemProxy;
			containerPortal = 1C91DF162D99ED2000DBAACB /* Project object */;
			proxyType = 1;
			remoteGlobalIDString = 1C91DF1D2D99ED2000DBAACB;
			remoteInfo = Status;
		};
/* End PBXContainerItemProxy section */

/* Begin PBXFileReference section */
		1C38E4112D9B6F960038A4A7 /* ContentViewModel.swift */ = {isa = PBXFileReference; lastKnownFileType = sourcecode.swift; path = ContentViewModel.swift; sourceTree = "<group>"; };
		1C4F93602D9CB34000187B5D /* Registration.swift */ = {isa = PBXFileReference; lastKnownFileType = sourcecode.swift; path = Registration.swift; sourceTree = "<group>"; };
		1C4F93622D9CB3F000187B5D /* RegistrationViewModel.swift */ = {isa = PBXFileReference; lastKnownFileType = sourcecode.swift; path = RegistrationViewModel.swift; sourceTree = "<group>"; };
		1C4F93642D9CC17600187B5D /* RegistrationView.swift */ = {isa = PBXFileReference; lastKnownFileType = sourcecode.swift; path = RegistrationView.swift; sourceTree = "<group>"; };
		1C91DF1E2D99ED2000DBAACB /* Status.app */ = {isa = PBXFileReference; explicitFileType = wrapper.application; includeInIndex = 0; path = Status.app; sourceTree = BUILT_PRODUCTS_DIR; };
		1C91DF2F2D99ED2200DBAACB /* StatusTests.xctest */ = {isa = PBXFileReference; explicitFileType = wrapper.cfbundle; includeInIndex = 0; path = StatusTests.xctest; sourceTree = BUILT_PRODUCTS_DIR; };
		1C91DF392D99ED2200DBAACB /* StatusUITests.xctest */ = {isa = PBXFileReference; explicitFileType = wrapper.cfbundle; includeInIndex = 0; path = StatusUITests.xctest; sourceTree = BUILT_PRODUCTS_DIR; };
		1C91DF4C2D99EEF800DBAACB /* Preview Assets.xcassets */ = {isa = PBXFileReference; lastKnownFileType = folder.assetcatalog; path = "Preview Assets.xcassets"; sourceTree = "<group>"; };
		1C91DF4E2D99EEF800DBAACB /* Assets.xcassets */ = {isa = PBXFileReference; lastKnownFileType = folder.assetcatalog; path = Assets.xcassets; sourceTree = "<group>"; };
		1C91DF4F2D99EEF800DBAACB /* ContentView.swift */ = {isa = PBXFileReference; lastKnownFileType = sourcecode.swift; path = ContentView.swift; sourceTree = "<group>"; };
		1C91DF502D99EEF800DBAACB /* Status.entitlements */ = {isa = PBXFileReference; lastKnownFileType = text.plist.entitlements; path = Status.entitlements; sourceTree = "<group>"; };
		1C91DF512D99EEF800DBAACB /* StatusApp.swift */ = {isa = PBXFileReference; lastKnownFileType = sourcecode.swift; path = StatusApp.swift; sourceTree = "<group>"; };
		1C91DF5B2D99EF4800DBAACB /* KeychainStorage.swift */ = {isa = PBXFileReference; lastKnownFileType = sourcecode.swift; path = KeychainStorage.swift; sourceTree = "<group>"; };
		1C91DF602D99EFD700DBAACB /* Credentials.swift */ = {isa = PBXFileReference; lastKnownFileType = sourcecode.swift; path = Credentials.swift; sourceTree = "<group>"; };
		1C91DF622D99F3C600DBAACB /* AuthToken.swift */ = {isa = PBXFileReference; lastKnownFileType = sourcecode.swift; path = AuthToken.swift; sourceTree = "<group>"; };
		1C91DF652D99F93600DBAACB /* Authentication.swift */ = {isa = PBXFileReference; lastKnownFileType = sourcecode.swift; path = Authentication.swift; sourceTree = "<group>"; };
		1C91DF672D9A18D600DBAACB /* LoginView.swift */ = {isa = PBXFileReference; lastKnownFileType = sourcecode.swift; path = LoginView.swift; sourceTree = "<group>"; };
		1C91DF692D9A192300DBAACB /* LoginViewModel.swift */ = {isa = PBXFileReference; lastKnownFileType = sourcecode.swift; path = LoginViewModel.swift; sourceTree = "<group>"; };
		1C91DF6B2D9A1C9E00DBAACB /* SignInResponse.swift */ = {isa = PBXFileReference; lastKnownFileType = sourcecode.swift; path = SignInResponse.swift; sourceTree = "<group>"; };
		1C91DF6E2D9A373300DBAACB /* RoundedTextFieldStyle.swift */ = {isa = PBXFileReference; lastKnownFileType = sourcecode.swift; path = RoundedTextFieldStyle.swift; sourceTree = "<group>"; };
		1C91DF702D9A388B00DBAACB /* UIApplication+Extension.swift */ = {isa = PBXFileReference; lastKnownFileType = sourcecode.swift; path = "UIApplication+Extension.swift"; sourceTree = "<group>"; };
/* End PBXFileReference section */

/* Begin PBXFileSystemSynchronizedRootGroup section */
		1C91DF322D99ED2200DBAACB /* StatusTests */ = {
			isa = PBXFileSystemSynchronizedRootGroup;
			path = StatusTests;
			sourceTree = "<group>";
		};
		1C91DF3C2D99ED2200DBAACB /* StatusUITests */ = {
			isa = PBXFileSystemSynchronizedRootGroup;
			path = StatusUITests;
			sourceTree = "<group>";
		};
/* End PBXFileSystemSynchronizedRootGroup section */

/* Begin PBXFrameworksBuildPhase section */
		1C91DF1B2D99ED2000DBAACB /* Frameworks */ = {
			isa = PBXFrameworksBuildPhase;
			buildActionMask = 2147483647;
			files = (
				1C91DF5A2D99EF2800DBAACB /* KeychainSwift in Frameworks */,
			);
			runOnlyForDeploymentPostprocessing = 0;
		};
		1C91DF2C2D99ED2200DBAACB /* Frameworks */ = {
			isa = PBXFrameworksBuildPhase;
			buildActionMask = 2147483647;
			files = (
			);
			runOnlyForDeploymentPostprocessing = 0;
		};
		1C91DF362D99ED2200DBAACB /* Frameworks */ = {
			isa = PBXFrameworksBuildPhase;
			buildActionMask = 2147483647;
			files = (
			);
			runOnlyForDeploymentPostprocessing = 0;
		};
/* End PBXFrameworksBuildPhase section */

/* Begin PBXGroup section */
		1C91DF152D99ED2000DBAACB = {
			isa = PBXGroup;
			children = (
				1C91DF522D99EEF800DBAACB /* Status */,
				1C91DF322D99ED2200DBAACB /* StatusTests */,
				1C91DF3C2D99ED2200DBAACB /* StatusUITests */,
				1C91DF1F2D99ED2000DBAACB /* Products */,
			);
			sourceTree = "<group>";
		};
		1C91DF1F2D99ED2000DBAACB /* Products */ = {
			isa = PBXGroup;
			children = (
				1C91DF1E2D99ED2000DBAACB /* Status.app */,
				1C91DF2F2D99ED2200DBAACB /* StatusTests.xctest */,
				1C91DF392D99ED2200DBAACB /* StatusUITests.xctest */,
			);
			name = Products;
			sourceTree = "<group>";
		};
		1C91DF4D2D99EEF800DBAACB /* Preview Content */ = {
			isa = PBXGroup;
			children = (
				1C91DF4C2D99EEF800DBAACB /* Preview Assets.xcassets */,
			);
			path = "Preview Content";
			sourceTree = "<group>";
		};
		1C91DF522D99EEF800DBAACB /* Status */ = {
			isa = PBXGroup;
			children = (
				1C91DF6D2D9A371500DBAACB /* Styles */,
				1C91DF642D99F91D00DBAACB /* Views */,
				1C91DF5D2D99EF8300DBAACB /* Models */,
				1C91DF572D99EF0200DBAACB /* Services */,
				1C91DF512D99EEF800DBAACB /* StatusApp.swift */,
				1C91DF652D99F93600DBAACB /* Authentication.swift */,
				1C91DF4E2D99EEF800DBAACB /* Assets.xcassets */,
				1C91DF502D99EEF800DBAACB /* Status.entitlements */,
				1C91DF4D2D99EEF800DBAACB /* Preview Content */,
			);
			path = Status;
			sourceTree = "<group>";
		};
		1C91DF572D99EF0200DBAACB /* Services */ = {
			isa = PBXGroup;
			children = (
				1C91DF5B2D99EF4800DBAACB /* KeychainStorage.swift */,
				1C91DF702D9A388B00DBAACB /* UIApplication+Extension.swift */,
			);
			path = Services;
			sourceTree = "<group>";
		};
		1C91DF5D2D99EF8300DBAACB /* Models */ = {
			isa = PBXGroup;
			children = (
				1C91DF602D99EFD700DBAACB /* Credentials.swift */,
				1C91DF622D99F3C600DBAACB /* AuthToken.swift */,
				1C91DF6B2D9A1C9E00DBAACB /* SignInResponse.swift */,
				1C4F93602D9CB34000187B5D /* Registration.swift */,
			);
			path = Models;
			sourceTree = "<group>";
		};
		1C91DF642D99F91D00DBAACB /* Views */ = {
			isa = PBXGroup;
			children = (
				1C4F93622D9CB3F000187B5D /* RegistrationViewModel.swift */,
				1C91DF4F2D99EEF800DBAACB /* ContentView.swift */,
				1C91DF672D9A18D600DBAACB /* LoginView.swift */,
				1C91DF692D9A192300DBAACB /* LoginViewModel.swift */,
				1C38E4112D9B6F960038A4A7 /* ContentViewModel.swift */,
				1C4F93642D9CC17600187B5D /* RegistrationView.swift */,
			);
			path = Views;
			sourceTree = "<group>";
		};
		1C91DF6D2D9A371500DBAACB /* Styles */ = {
			isa = PBXGroup;
			children = (
				1C91DF6E2D9A373300DBAACB /* RoundedTextFieldStyle.swift */,
			);
			path = Styles;
			sourceTree = "<group>";
		};
/* End PBXGroup section */

/* Begin PBXNativeTarget section */
		1C91DF1D2D99ED2000DBAACB /* Status */ = {
			isa = PBXNativeTarget;
			buildConfigurationList = 1C91DF432D99ED2200DBAACB /* Build configuration list for PBXNativeTarget "Status" */;
			buildPhases = (
				1C91DF1A2D99ED2000DBAACB /* Sources */,
				1C91DF1B2D99ED2000DBAACB /* Frameworks */,
				1C91DF1C2D99ED2000DBAACB /* Resources */,
			);
			buildRules = (
			);
			dependencies = (
			);
			name = Status;
			packageProductDependencies = (
				1C91DF592D99EF2800DBAACB /* KeychainSwift */,
			);
			productName = Status;
			productReference = 1C91DF1E2D99ED2000DBAACB /* Status.app */;
			productType = "com.apple.product-type.application";
		};
		1C91DF2E2D99ED2200DBAACB /* StatusTests */ = {
			isa = PBXNativeTarget;
			buildConfigurationList = 1C91DF462D99ED2200DBAACB /* Build configuration list for PBXNativeTarget "StatusTests" */;
			buildPhases = (
				1C91DF2B2D99ED2200DBAACB /* Sources */,
				1C91DF2C2D99ED2200DBAACB /* Frameworks */,
				1C91DF2D2D99ED2200DBAACB /* Resources */,
			);
			buildRules = (
			);
			dependencies = (
				1C91DF312D99ED2200DBAACB /* PBXTargetDependency */,
			);
			fileSystemSynchronizedGroups = (
				1C91DF322D99ED2200DBAACB /* StatusTests */,
			);
			name = StatusTests;
			packageProductDependencies = (
			);
			productName = StatusTests;
			productReference = 1C91DF2F2D99ED2200DBAACB /* StatusTests.xctest */;
			productType = "com.apple.product-type.bundle.unit-test";
		};
		1C91DF382D99ED2200DBAACB /* StatusUITests */ = {
			isa = PBXNativeTarget;
			buildConfigurationList = 1C91DF492D99ED2200DBAACB /* Build configuration list for PBXNativeTarget "StatusUITests" */;
			buildPhases = (
				1C91DF352D99ED2200DBAACB /* Sources */,
				1C91DF362D99ED2200DBAACB /* Frameworks */,
				1C91DF372D99ED2200DBAACB /* Resources */,
			);
			buildRules = (
			);
			dependencies = (
				1C91DF3B2D99ED2200DBAACB /* PBXTargetDependency */,
			);
			fileSystemSynchronizedGroups = (
				1C91DF3C2D99ED2200DBAACB /* StatusUITests */,
			);
			name = StatusUITests;
			packageProductDependencies = (
			);
			productName = StatusUITests;
			productReference = 1C91DF392D99ED2200DBAACB /* StatusUITests.xctest */;
			productType = "com.apple.product-type.bundle.ui-testing";
		};
/* End PBXNativeTarget section */

/* Begin PBXProject section */
		1C91DF162D99ED2000DBAACB /* Project object */ = {
			isa = PBXProject;
			attributes = {
				BuildIndependentTargetsInParallel = 1;
				LastSwiftUpdateCheck = 1620;
				LastUpgradeCheck = 1620;
				TargetAttributes = {
					1C91DF1D2D99ED2000DBAACB = {
						CreatedOnToolsVersion = 16.2;
					};
					1C91DF2E2D99ED2200DBAACB = {
						CreatedOnToolsVersion = 16.2;
						TestTargetID = 1C91DF1D2D99ED2000DBAACB;
					};
					1C91DF382D99ED2200DBAACB = {
						CreatedOnToolsVersion = 16.2;
						TestTargetID = 1C91DF1D2D99ED2000DBAACB;
					};
				};
			};
			buildConfigurationList = 1C91DF192D99ED2000DBAACB /* Build configuration list for PBXProject "Status" */;
			developmentRegion = en;
			hasScannedForEncodings = 0;
			knownRegions = (
				en,
				Base,
			);
			mainGroup = 1C91DF152D99ED2000DBAACB;
			minimizedProjectReferenceProxies = 1;
			packageReferences = (
				1C91DF582D99EF2800DBAACB /* XCRemoteSwiftPackageReference "keychain-swift" */,
			);
			preferredProjectObjectVersion = 77;
			productRefGroup = 1C91DF1F2D99ED2000DBAACB /* Products */;
			projectDirPath = "";
			projectRoot = "";
			targets = (
				1C91DF1D2D99ED2000DBAACB /* Status */,
				1C91DF2E2D99ED2200DBAACB /* StatusTests */,
				1C91DF382D99ED2200DBAACB /* StatusUITests */,
			);
		};
/* End PBXProject section */

/* Begin PBXResourcesBuildPhase section */
		1C91DF1C2D99ED2000DBAACB /* Resources */ = {
			isa = PBXResourcesBuildPhase;
			buildActionMask = 2147483647;
			files = (
				1C91DF552D99EEF800DBAACB /* Preview Assets.xcassets in Resources */,
				1C91DF562D99EEF800DBAACB /* Assets.xcassets in Resources */,
			);
			runOnlyForDeploymentPostprocessing = 0;
		};
		1C91DF2D2D99ED2200DBAACB /* Resources */ = {
			isa = PBXResourcesBuildPhase;
			buildActionMask = 2147483647;
			files = (
			);
			runOnlyForDeploymentPostprocessing = 0;
		};
		1C91DF372D99ED2200DBAACB /* Resources */ = {
			isa = PBXResourcesBuildPhase;
			buildActionMask = 2147483647;
			files = (
			);
			runOnlyForDeploymentPostprocessing = 0;
		};
/* End PBXResourcesBuildPhase section */

/* Begin PBXSourcesBuildPhase section */
		1C91DF1A2D99ED2000DBAACB /* Sources */ = {
			isa = PBXSourcesBuildPhase;
			buildActionMask = 2147483647;
			files = (
				1C91DF532D99EEF800DBAACB /* ContentView.swift in Sources */,
				1C91DF682D9A18D600DBAACB /* LoginView.swift in Sources */,
				1C91DF542D99EEF800DBAACB /* StatusApp.swift in Sources */,
				1C4F93632D9CB3FA00187B5D /* RegistrationViewModel.swift in Sources */,
				1C91DF612D99EFD700DBAACB /* Credentials.swift in Sources */,
				1C91DF6A2D9A192300DBAACB /* LoginViewModel.swift in Sources */,
				1C91DF632D99F3C600DBAACB /* AuthToken.swift in Sources */,
				1C4F93612D9CB34000187B5D /* Registration.swift in Sources */,
				1C91DF6C2D9A1C9E00DBAACB /* SignInResponse.swift in Sources */,
				1C4F93652D9CC17600187B5D /* RegistrationView.swift in Sources */,
				1C91DF5C2D99EF4800DBAACB /* KeychainStorage.swift in Sources */,
				1C38E4122D9B6F960038A4A7 /* ContentViewModel.swift in Sources */,
				1C91DF712D9A388B00DBAACB /* UIApplication+Extension.swift in Sources */,
				1C91DF662D99F93600DBAACB /* Authentication.swift in Sources */,
				1C91DF6F2D9A373300DBAACB /* RoundedTextFieldStyle.swift in Sources */,
			);
			runOnlyForDeploymentPostprocessing = 0;
		};
		1C91DF2B2D99ED2200DBAACB /* Sources */ = {
			isa = PBXSourcesBuildPhase;
			buildActionMask = 2147483647;
			files = (
			);
			runOnlyForDeploymentPostprocessing = 0;
		};
		1C91DF352D99ED2200DBAACB /* Sources */ = {
			isa = PBXSourcesBuildPhase;
			buildActionMask = 2147483647;
			files = (
			);
			runOnlyForDeploymentPostprocessing = 0;
		};
/* End PBXSourcesBuildPhase section */

/* Begin PBXTargetDependency section */
		1C91DF312D99ED2200DBAACB /* PBXTargetDependency */ = {
			isa = PBXTargetDependency;
			target = 1C91DF1D2D99ED2000DBAACB /* Status */;
			targetProxy = 1C91DF302D99ED2200DBAACB /* PBXContainerItemProxy */;
		};
		1C91DF3B2D99ED2200DBAACB /* PBXTargetDependency */ = {
			isa = PBXTargetDependency;
			target = 1C91DF1D2D99ED2000DBAACB /* Status */;
			targetProxy = 1C91DF3A2D99ED2200DBAACB /* PBXContainerItemProxy */;
		};
/* End PBXTargetDependency section */

/* Begin XCBuildConfiguration section */
		1C91DF412D99ED2200DBAACB /* Debug */ = {
			isa = XCBuildConfiguration;
			buildSettings = {
				ALWAYS_SEARCH_USER_PATHS = NO;
				ASSETCATALOG_COMPILER_GENERATE_SWIFT_ASSET_SYMBOL_EXTENSIONS = YES;
				CLANG_ANALYZER_NONNULL = YES;
				CLANG_ANALYZER_NUMBER_OBJECT_CONVERSION = YES_AGGRESSIVE;
				CLANG_CXX_LANGUAGE_STANDARD = "gnu++20";
				CLANG_ENABLE_MODULES = YES;
				CLANG_ENABLE_OBJC_ARC = YES;
				CLANG_ENABLE_OBJC_WEAK = YES;
				CLANG_WARN_BLOCK_CAPTURE_AUTORELEASING = YES;
				CLANG_WARN_BOOL_CONVERSION = YES;
				CLANG_WARN_COMMA = YES;
				CLANG_WARN_CONSTANT_CONVERSION = YES;
				CLANG_WARN_DEPRECATED_OBJC_IMPLEMENTATIONS = YES;
				CLANG_WARN_DIRECT_OBJC_ISA_USAGE = YES_ERROR;
				CLANG_WARN_DOCUMENTATION_COMMENTS = YES;
				CLANG_WARN_EMPTY_BODY = YES;
				CLANG_WARN_ENUM_CONVERSION = YES;
				CLANG_WARN_INFINITE_RECURSION = YES;
				CLANG_WARN_INT_CONVERSION = YES;
				CLANG_WARN_NON_LITERAL_NULL_CONVERSION = YES;
				CLANG_WARN_OBJC_IMPLICIT_RETAIN_SELF = YES;
				CLANG_WARN_OBJC_LITERAL_CONVERSION = YES;
				CLANG_WARN_OBJC_ROOT_CLASS = YES_ERROR;
				CLANG_WARN_QUOTED_INCLUDE_IN_FRAMEWORK_HEADER = YES;
				CLANG_WARN_RANGE_LOOP_ANALYSIS = YES;
				CLANG_WARN_STRICT_PROTOTYPES = YES;
				CLANG_WARN_SUSPICIOUS_MOVE = YES;
				CLANG_WARN_UNGUARDED_AVAILABILITY = YES_AGGRESSIVE;
				CLANG_WARN_UNREACHABLE_CODE = YES;
				CLANG_WARN__DUPLICATE_METHOD_MATCH = YES;
				COPY_PHASE_STRIP = NO;
				DEBUG_INFORMATION_FORMAT = dwarf;
				ENABLE_STRICT_OBJC_MSGSEND = YES;
				ENABLE_TESTABILITY = YES;
				ENABLE_USER_SCRIPT_SANDBOXING = YES;
				GCC_C_LANGUAGE_STANDARD = gnu17;
				GCC_DYNAMIC_NO_PIC = NO;
				GCC_NO_COMMON_BLOCKS = YES;
				GCC_OPTIMIZATION_LEVEL = 0;
				GCC_PREPROCESSOR_DEFINITIONS = (
					"DEBUG=1",
					"$(inherited)",
				);
				GCC_WARN_64_TO_32_BIT_CONVERSION = YES;
				GCC_WARN_ABOUT_RETURN_TYPE = YES_ERROR;
				GCC_WARN_UNDECLARED_SELECTOR = YES;
				GCC_WARN_UNINITIALIZED_AUTOS = YES_AGGRESSIVE;
				GCC_WARN_UNUSED_FUNCTION = YES;
				GCC_WARN_UNUSED_VARIABLE = YES;
				LOCALIZATION_PREFERS_STRING_CATALOGS = YES;
				MTL_ENABLE_DEBUG_INFO = INCLUDE_SOURCE;
				MTL_FAST_MATH = YES;
				ONLY_ACTIVE_ARCH = YES;
				SWIFT_ACTIVE_COMPILATION_CONDITIONS = "DEBUG $(inherited)";
				SWIFT_OPTIMIZATION_LEVEL = "-Onone";
			};
			name = Debug;
		};
		1C91DF422D99ED2200DBAACB /* Release */ = {
			isa = XCBuildConfiguration;
			buildSettings = {
				ALWAYS_SEARCH_USER_PATHS = NO;
				ASSETCATALOG_COMPILER_GENERATE_SWIFT_ASSET_SYMBOL_EXTENSIONS = YES;
				CLANG_ANALYZER_NONNULL = YES;
				CLANG_ANALYZER_NUMBER_OBJECT_CONVERSION = YES_AGGRESSIVE;
				CLANG_CXX_LANGUAGE_STANDARD = "gnu++20";
				CLANG_ENABLE_MODULES = YES;
				CLANG_ENABLE_OBJC_ARC = YES;
				CLANG_ENABLE_OBJC_WEAK = YES;
				CLANG_WARN_BLOCK_CAPTURE_AUTORELEASING = YES;
				CLANG_WARN_BOOL_CONVERSION = YES;
				CLANG_WARN_COMMA = YES;
				CLANG_WARN_CONSTANT_CONVERSION = YES;
				CLANG_WARN_DEPRECATED_OBJC_IMPLEMENTATIONS = YES;
				CLANG_WARN_DIRECT_OBJC_ISA_USAGE = YES_ERROR;
				CLANG_WARN_DOCUMENTATION_COMMENTS = YES;
				CLANG_WARN_EMPTY_BODY = YES;
				CLANG_WARN_ENUM_CONVERSION = YES;
				CLANG_WARN_INFINITE_RECURSION = YES;
				CLANG_WARN_INT_CONVERSION = YES;
				CLANG_WARN_NON_LITERAL_NULL_CONVERSION = YES;
				CLANG_WARN_OBJC_IMPLICIT_RETAIN_SELF = YES;
				CLANG_WARN_OBJC_LITERAL_CONVERSION = YES;
				CLANG_WARN_OBJC_ROOT_CLASS = YES_ERROR;
				CLANG_WARN_QUOTED_INCLUDE_IN_FRAMEWORK_HEADER = YES;
				CLANG_WARN_RANGE_LOOP_ANALYSIS = YES;
				CLANG_WARN_STRICT_PROTOTYPES = YES;
				CLANG_WARN_SUSPICIOUS_MOVE = YES;
				CLANG_WARN_UNGUARDED_AVAILABILITY = YES_AGGRESSIVE;
				CLANG_WARN_UNREACHABLE_CODE = YES;
				CLANG_WARN__DUPLICATE_METHOD_MATCH = YES;
				COPY_PHASE_STRIP = NO;
				DEBUG_INFORMATION_FORMAT = "dwarf-with-dsym";
				ENABLE_NS_ASSERTIONS = NO;
				ENABLE_STRICT_OBJC_MSGSEND = YES;
				ENABLE_USER_SCRIPT_SANDBOXING = YES;
				GCC_C_LANGUAGE_STANDARD = gnu17;
				GCC_NO_COMMON_BLOCKS = YES;
				GCC_WARN_64_TO_32_BIT_CONVERSION = YES;
				GCC_WARN_ABOUT_RETURN_TYPE = YES_ERROR;
				GCC_WARN_UNDECLARED_SELECTOR = YES;
				GCC_WARN_UNINITIALIZED_AUTOS = YES_AGGRESSIVE;
				GCC_WARN_UNUSED_FUNCTION = YES;
				GCC_WARN_UNUSED_VARIABLE = YES;
				LOCALIZATION_PREFERS_STRING_CATALOGS = YES;
				MTL_ENABLE_DEBUG_INFO = NO;
				MTL_FAST_MATH = YES;
				SWIFT_COMPILATION_MODE = wholemodule;
			};
			name = Release;
		};
		1C91DF442D99ED2200DBAACB /* Debug */ = {
			isa = XCBuildConfiguration;
			buildSettings = {
				ALLOW_TARGET_PLATFORM_SPECIALIZATION = YES;
				ASSETCATALOG_COMPILER_APPICON_NAME = AppIcon;
				ASSETCATALOG_COMPILER_GLOBAL_ACCENT_COLOR_NAME = AccentColor;
				CODE_SIGN_ENTITLEMENTS = Status/Status.entitlements;
				CODE_SIGN_STYLE = Automatic;
				CURRENT_PROJECT_VERSION = 1;
				DEVELOPMENT_ASSET_PATHS = "\"Status/Preview Content\"";
				DEVELOPMENT_TEAM = PBM4UH92B2;
				ENABLE_HARDENED_RUNTIME = YES;
				ENABLE_PREVIEWS = YES;
				GENERATE_INFOPLIST_FILE = YES;
				INFOPLIST_KEY_CFBundleDisplayName = Status;
				INFOPLIST_KEY_LSApplicationCategoryType = "public.app-category.social-networking";
				INFOPLIST_KEY_NSFaceIDUsageDescription = "Allow Face ID to access stored credentials";
				"INFOPLIST_KEY_UIApplicationSceneManifest_Generation[sdk=iphoneos*]" = YES;
				"INFOPLIST_KEY_UIApplicationSceneManifest_Generation[sdk=iphonesimulator*]" = YES;
				"INFOPLIST_KEY_UIApplicationSupportsIndirectInputEvents[sdk=iphoneos*]" = YES;
				"INFOPLIST_KEY_UIApplicationSupportsIndirectInputEvents[sdk=iphonesimulator*]" = YES;
				"INFOPLIST_KEY_UILaunchScreen_Generation[sdk=iphoneos*]" = YES;
				"INFOPLIST_KEY_UILaunchScreen_Generation[sdk=iphonesimulator*]" = YES;
				"INFOPLIST_KEY_UIStatusBarStyle[sdk=iphoneos*]" = UIStatusBarStyleDefault;
				"INFOPLIST_KEY_UIStatusBarStyle[sdk=iphonesimulator*]" = UIStatusBarStyleDefault;
				INFOPLIST_KEY_UISupportedInterfaceOrientations_iPad = "UIInterfaceOrientationPortrait UIInterfaceOrientationPortraitUpsideDown UIInterfaceOrientationLandscapeLeft UIInterfaceOrientationLandscapeRight";
				INFOPLIST_KEY_UISupportedInterfaceOrientations_iPhone = "UIInterfaceOrientationPortrait UIInterfaceOrientationLandscapeLeft UIInterfaceOrientationLandscapeRight";
				IPHONEOS_DEPLOYMENT_TARGET = 18.0;
				LD_RUNPATH_SEARCH_PATHS = "@executable_path/Frameworks";
				"LD_RUNPATH_SEARCH_PATHS[sdk=macosx*]" = "@executable_path/../Frameworks";
				MACOSX_DEPLOYMENT_TARGET = 15.2;
				MARKETING_VERSION = 1.0;
				PRODUCT_BUNDLE_IDENTIFIER = com.rsastri.Status;
				PRODUCT_NAME = "$(TARGET_NAME)";
				SDKROOT = iphoneos;
				SUPPORTED_PLATFORMS = "iphoneos iphonesimulator";
				SUPPORTS_MACCATALYST = NO;
				SUPPORTS_MAC_DESIGNED_FOR_IPHONE_IPAD = NO;
				SUPPORTS_XR_DESIGNED_FOR_IPHONE_IPAD = NO;
				SWIFT_EMIT_LOC_STRINGS = YES;
				SWIFT_VERSION = 5.0;
				TARGETED_DEVICE_FAMILY = "1,2";
				XROS_DEPLOYMENT_TARGET = 2.2;
			};
			name = Debug;
		};
		1C91DF452D99ED2200DBAACB /* Release */ = {
			isa = XCBuildConfiguration;
			buildSettings = {
				ALLOW_TARGET_PLATFORM_SPECIALIZATION = YES;
				ASSETCATALOG_COMPILER_APPICON_NAME = AppIcon;
				ASSETCATALOG_COMPILER_GLOBAL_ACCENT_COLOR_NAME = AccentColor;
				CODE_SIGN_ENTITLEMENTS = Status/Status.entitlements;
				CODE_SIGN_STYLE = Automatic;
				CURRENT_PROJECT_VERSION = 1;
				DEVELOPMENT_ASSET_PATHS = "\"Status/Preview Content\"";
				DEVELOPMENT_TEAM = PBM4UH92B2;
				ENABLE_HARDENED_RUNTIME = YES;
				ENABLE_PREVIEWS = YES;
				GENERATE_INFOPLIST_FILE = YES;
				INFOPLIST_KEY_CFBundleDisplayName = Status;
				INFOPLIST_KEY_LSApplicationCategoryType = "public.app-category.social-networking";
				INFOPLIST_KEY_NSFaceIDUsageDescription = "Allow Face ID to access stored credentials";
				"INFOPLIST_KEY_UIApplicationSceneManifest_Generation[sdk=iphoneos*]" = YES;
				"INFOPLIST_KEY_UIApplicationSceneManifest_Generation[sdk=iphonesimulator*]" = YES;
				"INFOPLIST_KEY_UIApplicationSupportsIndirectInputEvents[sdk=iphoneos*]" = YES;
				"INFOPLIST_KEY_UIApplicationSupportsIndirectInputEvents[sdk=iphonesimulator*]" = YES;
				"INFOPLIST_KEY_UILaunchScreen_Generation[sdk=iphoneos*]" = YES;
				"INFOPLIST_KEY_UILaunchScreen_Generation[sdk=iphonesimulator*]" = YES;
				"INFOPLIST_KEY_UIStatusBarStyle[sdk=iphoneos*]" = UIStatusBarStyleDefault;
				"INFOPLIST_KEY_UIStatusBarStyle[sdk=iphonesimulator*]" = UIStatusBarStyleDefault;
				INFOPLIST_KEY_UISupportedInterfaceOrientations_iPad = "UIInterfaceOrientationPortrait UIInterfaceOrientationPortraitUpsideDown UIInterfaceOrientationLandscapeLeft UIInterfaceOrientationLandscapeRight";
				INFOPLIST_KEY_UISupportedInterfaceOrientations_iPhone = "UIInterfaceOrientationPortrait UIInterfaceOrientationLandscapeLeft UIInterfaceOrientationLandscapeRight";
				IPHONEOS_DEPLOYMENT_TARGET = 18.0;
				LD_RUNPATH_SEARCH_PATHS = "@executable_path/Frameworks";
				"LD_RUNPATH_SEARCH_PATHS[sdk=macosx*]" = "@executable_path/../Frameworks";
				MACOSX_DEPLOYMENT_TARGET = 15.2;
				MARKETING_VERSION = 1.0;
				PRODUCT_BUNDLE_IDENTIFIER = com.rsastri.Status;
				PRODUCT_NAME = "$(TARGET_NAME)";
				SDKROOT = iphoneos;
				SUPPORTED_PLATFORMS = "iphoneos iphonesimulator";
				SUPPORTS_MACCATALYST = NO;
				SUPPORTS_MAC_DESIGNED_FOR_IPHONE_IPAD = NO;
				SUPPORTS_XR_DESIGNED_FOR_IPHONE_IPAD = NO;
				SWIFT_EMIT_LOC_STRINGS = YES;
				SWIFT_VERSION = 5.0;
				TARGETED_DEVICE_FAMILY = "1,2";
				XROS_DEPLOYMENT_TARGET = 2.2;
			};
			name = Release;
		};
		1C91DF472D99ED2200DBAACB /* Debug */ = {
			isa = XCBuildConfiguration;
			buildSettings = {
				BUNDLE_LOADER = "$(TEST_HOST)";
				CODE_SIGN_STYLE = Automatic;
				CURRENT_PROJECT_VERSION = 1;
				DEVELOPMENT_TEAM = PBM4UH92B2;
				GENERATE_INFOPLIST_FILE = YES;
				IPHONEOS_DEPLOYMENT_TARGET = 18.2;
				MACOSX_DEPLOYMENT_TARGET = 15.2;
				MARKETING_VERSION = 1.0;
				PRODUCT_BUNDLE_IDENTIFIER = com.rsastri.StatusTests;
				PRODUCT_NAME = "$(TARGET_NAME)";
				SDKROOT = auto;
				SUPPORTED_PLATFORMS = "iphoneos iphonesimulator macosx xros xrsimulator";
				SWIFT_EMIT_LOC_STRINGS = NO;
				SWIFT_VERSION = 5.0;
				TARGETED_DEVICE_FAMILY = "1,2,7";
				TEST_HOST = "$(BUILT_PRODUCTS_DIR)/Status.app/$(BUNDLE_EXECUTABLE_FOLDER_PATH)/Status";
				XROS_DEPLOYMENT_TARGET = 2.2;
			};
			name = Debug;
		};
		1C91DF482D99ED2200DBAACB /* Release */ = {
			isa = XCBuildConfiguration;
			buildSettings = {
				BUNDLE_LOADER = "$(TEST_HOST)";
				CODE_SIGN_STYLE = Automatic;
				CURRENT_PROJECT_VERSION = 1;
				DEVELOPMENT_TEAM = PBM4UH92B2;
				GENERATE_INFOPLIST_FILE = YES;
				IPHONEOS_DEPLOYMENT_TARGET = 18.2;
				MACOSX_DEPLOYMENT_TARGET = 15.2;
				MARKETING_VERSION = 1.0;
				PRODUCT_BUNDLE_IDENTIFIER = com.rsastri.StatusTests;
				PRODUCT_NAME = "$(TARGET_NAME)";
				SDKROOT = auto;
				SUPPORTED_PLATFORMS = "iphoneos iphonesimulator macosx xros xrsimulator";
				SWIFT_EMIT_LOC_STRINGS = NO;
				SWIFT_VERSION = 5.0;
				TARGETED_DEVICE_FAMILY = "1,2,7";
				TEST_HOST = "$(BUILT_PRODUCTS_DIR)/Status.app/$(BUNDLE_EXECUTABLE_FOLDER_PATH)/Status";
				XROS_DEPLOYMENT_TARGET = 2.2;
			};
			name = Release;
		};
		1C91DF4A2D99ED2200DBAACB /* Debug */ = {
			isa = XCBuildConfiguration;
			buildSettings = {
				CODE_SIGN_STYLE = Automatic;
				CURRENT_PROJECT_VERSION = 1;
				DEVELOPMENT_TEAM = PBM4UH92B2;
				GENERATE_INFOPLIST_FILE = YES;
				IPHONEOS_DEPLOYMENT_TARGET = 18.2;
				MACOSX_DEPLOYMENT_TARGET = 15.2;
				MARKETING_VERSION = 1.0;
				PRODUCT_BUNDLE_IDENTIFIER = com.rsastri.StatusUITests;
				PRODUCT_NAME = "$(TARGET_NAME)";
				SDKROOT = auto;
				SUPPORTED_PLATFORMS = "iphoneos iphonesimulator macosx xros xrsimulator";
				SWIFT_EMIT_LOC_STRINGS = NO;
				SWIFT_VERSION = 5.0;
				TARGETED_DEVICE_FAMILY = "1,2,7";
				TEST_TARGET_NAME = Status;
				XROS_DEPLOYMENT_TARGET = 2.2;
			};
			name = Debug;
		};
		1C91DF4B2D99ED2200DBAACB /* Release */ = {
			isa = XCBuildConfiguration;
			buildSettings = {
				CODE_SIGN_STYLE = Automatic;
				CURRENT_PROJECT_VERSION = 1;
				DEVELOPMENT_TEAM = PBM4UH92B2;
				GENERATE_INFOPLIST_FILE = YES;
				IPHONEOS_DEPLOYMENT_TARGET = 18.2;
				MACOSX_DEPLOYMENT_TARGET = 15.2;
				MARKETING_VERSION = 1.0;
				PRODUCT_BUNDLE_IDENTIFIER = com.rsastri.StatusUITests;
				PRODUCT_NAME = "$(TARGET_NAME)";
				SDKROOT = auto;
				SUPPORTED_PLATFORMS = "iphoneos iphonesimulator macosx xros xrsimulator";
				SWIFT_EMIT_LOC_STRINGS = NO;
				SWIFT_VERSION = 5.0;
				TARGETED_DEVICE_FAMILY = "1,2,7";
				TEST_TARGET_NAME = Status;
				XROS_DEPLOYMENT_TARGET = 2.2;
			};
			name = Release;
		};
/* End XCBuildConfiguration section */

/* Begin XCConfigurationList section */
		1C91DF192D99ED2000DBAACB /* Build configuration list for PBXProject "Status" */ = {
			isa = XCConfigurationList;
			buildConfigurations = (
				1C91DF412D99ED2200DBAACB /* Debug */,
				1C91DF422D99ED2200DBAACB /* Release */,
			);
			defaultConfigurationIsVisible = 0;
			defaultConfigurationName = Release;
		};
		1C91DF432D99ED2200DBAACB /* Build configuration list for PBXNativeTarget "Status" */ = {
			isa = XCConfigurationList;
			buildConfigurations = (
				1C91DF442D99ED2200DBAACB /* Debug */,
				1C91DF452D99ED2200DBAACB /* Release */,
			);
			defaultConfigurationIsVisible = 0;
			defaultConfigurationName = Release;
		};
		1C91DF462D99ED2200DBAACB /* Build configuration list for PBXNativeTarget "StatusTests" */ = {
			isa = XCConfigurationList;
			buildConfigurations = (
				1C91DF472D99ED2200DBAACB /* Debug */,
				1C91DF482D99ED2200DBAACB /* Release */,
			);
			defaultConfigurationIsVisible = 0;
			defaultConfigurationName = Release;
		};
		1C91DF492D99ED2200DBAACB /* Build configuration list for PBXNativeTarget "StatusUITests" */ = {
			isa = XCConfigurationList;
			buildConfigurations = (
				1C91DF4A2D99ED2200DBAACB /* Debug */,
				1C91DF4B2D99ED2200DBAACB /* Release */,
			);
			defaultConfigurationIsVisible = 0;
			defaultConfigurationName = Release;
		};
/* End XCConfigurationList section */

/* Begin XCRemoteSwiftPackageReference section */
		1C91DF582D99EF2800DBAACB /* XCRemoteSwiftPackageReference "keychain-swift" */ = {
			isa = XCRemoteSwiftPackageReference;
			repositoryURL = "https://github.com/evgenyneu/keychain-swift.git";
			requirement = {
				kind = upToNextMajorVersion;
				minimumVersion = 24.0.0;
			};
		};
/* End XCRemoteSwiftPackageReference section */

/* Begin XCSwiftPackageProductDependency section */
		1C91DF592D99EF2800DBAACB /* KeychainSwift */ = {
			isa = XCSwiftPackageProductDependency;
			package = 1C91DF582D99EF2800DBAACB /* XCRemoteSwiftPackageReference "keychain-swift" */;
			productName = KeychainSwift;
		};
/* End XCSwiftPackageProductDependency section */
	};
	rootObject = 1C91DF162D99ED2000DBAACB /* Project object */;
}
